
Microsoft Visual Studio Solution File, Format Version 12.00
# Visual Studio 15
Project("{FAE04EC0-301F-11D3-BF4B-00C04F79EFBC}") = "Assembly-CSharp", "Assembly-CSharp.csproj", "{2A3CAD99-EA76-3A8C-2B3C-9B92BCBDF4C9}"
EndProject
Project("{FAE04EC0-301F-11D3-BF4B-00C04F79EFBC}") = "Unity.UniversalToonShader.Urp.Editor", "Unity.UniversalToonShader.Urp.Editor.csproj", "{7CAD7EB6-5BEC-D859-CD7D-B0BF3BD9B535}"
EndProject
Global
	GlobalSection(SolutionConfigurationPlatforms) = preSolution
		Debug|Any CPU = Debug|Any CPU
		Release|Any CPU = Release|Any CPU
	EndGlobalSection
	GlobalSection(ProjectConfigurationPlatforms) = postSolution
		{2A3CAD99-EA76-3A8C-2B3C-9B92BCBDF4C9}.Debug|Any CPU.ActiveCfg = Debug|Any CPU
		{2A3CAD99-EA76-3A8C-2B3C-9B92BCBDF4C9}.Debug|Any CPU.Build.0 = Debug|Any CPU
		{2A3CAD99-EA76-3A8C-2B3C-9B92BCBDF4C9}.Release|Any CPU.ActiveCfg = Release|Any CPU
		{2A3CAD99-EA76-3A8C-2B3C-9B92BCBDF4C9}.Release|Any CPU.Build.0 = Release|Any CPU
		{7CAD7EB6-5BEC-D859-CD7D-B0BF3BD9B535}.Debug|Any CPU.ActiveCfg = Debug|Any CPU
		{7CAD7EB6-5BEC-D859-CD7D-B0BF3BD9B535}.Debug|Any CPU.Build.0 = Debug|Any CPU
		{7CAD7EB6-5BEC-D859-CD7D-B0BF3BD9B535}.Release|Any CPU.ActiveCfg = Release|Any CPU
		{7CAD7EB6-5BEC-D859-CD7D-B0BF3BD9B535}.Release|Any CPU.Build.0 = Release|Any CPU
	EndGlobalSection
	GlobalSection(SolutionProperties) = preSolution
		HideSolutionNode = FALSE
	EndGlobalSection
EndGlobal
